// !$*UTF8*$!
{
	archiveVersion = 1;
	classes = {
	};
	objectVersion = 50;
	objects = {

/* Begin PBXBuildFile section */
		59001CA12185E22700CDFAF8 /* DummyData.swift in Sources */ = {isa = PBXBuildFile; fileRef = 59001CA02185E22700CDFAF8 /* DummyData.swift */; };
		59051378215BBA6C0090AB1A /* TableViewCellDelegate.swift in Sources */ = {isa = PBXBuildFile; fileRef = 59051377215BBA6C0090AB1A /* TableViewCellDelegate.swift */; };
		591A6E52215F063E00D26793 /* UIView+Extension.swift in Sources */ = {isa = PBXBuildFile; fileRef = 591A6E51215F063E00D26793 /* UIView+Extension.swift */; };
		591A6E54216166E600D26793 /* TableViewCell.swift in Sources */ = {isa = PBXBuildFile; fileRef = 591A6E53216166E600D26793 /* TableViewCell.swift */; };
		591A6E5A2166C97600D26793 /* HistoryTableViewCell.swift in Sources */ = {isa = PBXBuildFile; fileRef = 591A6E592166C97600D26793 /* HistoryTableViewCell.swift */; };
		592BEF7D216927670007FA83 /* ScrollDirectionEnum.swift in Sources */ = {isa = PBXBuildFile; fileRef = 592BEF7C216927670007FA83 /* ScrollDirectionEnum.swift */; };
		5949FF232157F04C0029E984 /* TabBarController.swift in Sources */ = {isa = PBXBuildFile; fileRef = 5949FF222157F04C0029E984 /* TabBarController.swift */; };
		5949FF262157F97A0029E984 /* Datamodel.xcdatamodeld in Sources */ = {isa = PBXBuildFile; fileRef = 5949FF242157F97A0029E984 /* Datamodel.xcdatamodeld */; };
		5949FF282157F9B20029E984 /* DataController.swift in Sources */ = {isa = PBXBuildFile; fileRef = 5949FF272157F9B20029E984 /* DataController.swift */; };
		5949FF2A2157FB610029E984 /* Constant.swift in Sources */ = {isa = PBXBuildFile; fileRef = 5949FF292157FB610029E984 /* Constant.swift */; };
		5949FF2C215800750029E984 /* PersistentContainer.swift in Sources */ = {isa = PBXBuildFile; fileRef = 5949FF2B215800750029E984 /* PersistentContainer.swift */; };
		5949FF2E215832D60029E984 /* ProgressViewController.swift in Sources */ = {isa = PBXBuildFile; fileRef = 5949FF2D215832D60029E984 /* ProgressViewController.swift */; };
		5949FF30215832F20029E984 /* HistoryViewController.swift in Sources */ = {isa = PBXBuildFile; fileRef = 5949FF2F215832F20029E984 /* HistoryViewController.swift */; };
		5949FF322158441D0029E984 /* ViewController.swift in Sources */ = {isa = PBXBuildFile; fileRef = 5949FF312158441D0029E984 /* ViewController.swift */; };
		597ADEA3219D1A68008250A3 /* UIColor+Extension.swift in Sources */ = {isa = PBXBuildFile; fileRef = 597ADEA2219D1A68008250A3 /* UIColor+Extension.swift */; };
		5995E8B42158532C002762D2 /* GoalTableViewCell.swift in Sources */ = {isa = PBXBuildFile; fileRef = 5995E8B32158532C002762D2 /* GoalTableViewCell.swift */; };
		5995E8B621585339002762D2 /* TaskTableViewCell.swift in Sources */ = {isa = PBXBuildFile; fileRef = 5995E8B521585339002762D2 /* TaskTableViewCell.swift */; };
		59C4114D2159382E00FEB9D2 /* TypeEnum.swift in Sources */ = {isa = PBXBuildFile; fileRef = 59C4114C2159382E00FEB9D2 /* TypeEnum.swift */; };
		59C715D82178E85100308279 /* Today.swift in Sources */ = {isa = PBXBuildFile; fileRef = 59C715D72178E85100308279 /* Today.swift */; };
		59C715DB2178F42500308279 /* History.swift in Sources */ = {isa = PBXBuildFile; fileRef = 59C715DA2178F42500308279 /* History.swift */; };
		59C715EE217AADFE00308279 /* UITableView+Extension.swift in Sources */ = {isa = PBXBuildFile; fileRef = 59C715ED217AADFE00308279 /* UITableView+Extension.swift */; };
		59D09C44217E816C00489673 /* TodayTests.swift in Sources */ = {isa = PBXBuildFile; fileRef = 59D09C43217E816C00489673 /* TodayTests.swift */; };
		59D53B14218DD5120047F768 /* HistoryTests.swift in Sources */ = {isa = PBXBuildFile; fileRef = 59D53B13218DD5120047F768 /* HistoryTests.swift */; };
		59D53B16218DD53A0047F768 /* ProgressTests.swift in Sources */ = {isa = PBXBuildFile; fileRef = 59D53B15218DD53A0047F768 /* ProgressTests.swift */; };
		59D53B19218DD5660047F768 /* TodayViewControllerTests.swift in Sources */ = {isa = PBXBuildFile; fileRef = 59D53B18218DD5660047F768 /* TodayViewControllerTests.swift */; };
		59D53B1B218DD57C0047F768 /* ProgressViewControllerTests.swift in Sources */ = {isa = PBXBuildFile; fileRef = 59D53B1A218DD57C0047F768 /* ProgressViewControllerTests.swift */; };
		59D53B1E218DEE1C0047F768 /* TableViewCellTests.swift in Sources */ = {isa = PBXBuildFile; fileRef = 59D53B1D218DEE1C0047F768 /* TableViewCellTests.swift */; };
		59DC906026168EFD009F8675 /* Charts.framework in Frameworks */ = {isa = PBXBuildFile; fileRef = 59DC905826168EE6009F8675 /* Charts.framework */; };
		59DC906126168EFD009F8675 /* Charts.framework in Embed Frameworks */ = {isa = PBXBuildFile; fileRef = 59DC905826168EE6009F8675 /* Charts.framework */; settings = {ATTRIBUTES = (CodeSignOnCopy, RemoveHeadersOnCopy, ); }; };
		59E59EF52176553300266999 /* Progress.swift in Sources */ = {isa = PBXBuildFile; fileRef = 59E59EF42176553300266999 /* Progress.swift */; };
		59E9B7E9224433A300A306B5 /* README.md in Resources */ = {isa = PBXBuildFile; fileRef = 59E9B7E7224433A300A306B5 /* README.md */; };
		59E9B7F52244363300A306B5 /* focuson7.png in Resources */ = {isa = PBXBuildFile; fileRef = 59E9B7EB2244363200A306B5 /* focuson7.png */; };
		59E9B7F62244363300A306B5 /* focuson5.png in Resources */ = {isa = PBXBuildFile; fileRef = 59E9B7EC2244363200A306B5 /* focuson5.png */; };
		59E9B7F72244363300A306B5 /* focuson8.png in Resources */ = {isa = PBXBuildFile; fileRef = 59E9B7ED2244363200A306B5 /* focuson8.png */; };
		59E9B7F82244363300A306B5 /* focuson9.png in Resources */ = {isa = PBXBuildFile; fileRef = 59E9B7EE2244363200A306B5 /* focuson9.png */; };
		59E9B7F92244363300A306B5 /* focuson6.png in Resources */ = {isa = PBXBuildFile; fileRef = 59E9B7EF2244363200A306B5 /* focuson6.png */; };
		59E9B7FA2244363300A306B5 /* focuson4.png in Resources */ = {isa = PBXBuildFile; fileRef = 59E9B7F02244363200A306B5 /* focuson4.png */; };
		59E9B7FB2244363300A306B5 /* focuson3.png in Resources */ = {isa = PBXBuildFile; fileRef = 59E9B7F12244363200A306B5 /* focuson3.png */; };
		59E9B7FC2244363300A306B5 /* notification.png in Resources */ = {isa = PBXBuildFile; fileRef = 59E9B7F22244363200A306B5 /* notification.png */; };
		59E9B7FD2244363300A306B5 /* focuson1.png in Resources */ = {isa = PBXBuildFile; fileRef = 59E9B7F32244363200A306B5 /* focuson1.png */; };
		59E9B7FE2244363300A306B5 /* focuson2.png in Resources */ = {isa = PBXBuildFile; fileRef = 59E9B7F42244363200A306B5 /* focuson2.png */; };
		59FDBD342157D37F00A9AA1F /* AppDelegate.swift in Sources */ = {isa = PBXBuildFile; fileRef = 59FDBD332157D37F00A9AA1F /* AppDelegate.swift */; };
		59FDBD362157D37F00A9AA1F /* TodayViewController.swift in Sources */ = {isa = PBXBuildFile; fileRef = 59FDBD352157D37F00A9AA1F /* TodayViewController.swift */; };
		59FDBD392157D37F00A9AA1F /* Main.storyboard in Resources */ = {isa = PBXBuildFile; fileRef = 59FDBD372157D37F00A9AA1F /* Main.storyboard */; };
		59FDBD3B2157D38100A9AA1F /* Assets.xcassets in Resources */ = {isa = PBXBuildFile; fileRef = 59FDBD3A2157D38100A9AA1F /* Assets.xcassets */; };
		59FDBD3E2157D38100A9AA1F /* LaunchScreen.storyboard in Resources */ = {isa = PBXBuildFile; fileRef = 59FDBD3C2157D38100A9AA1F /* LaunchScreen.storyboard */; };
/* End PBXBuildFile section */

/* Begin PBXContainerItemProxy section */
		59D09C46217E816C00489673 /* PBXContainerItemProxy */ = {
			isa = PBXContainerItemProxy;
			containerPortal = 59FDBD282157D37F00A9AA1F /* Project object */;
			proxyType = 1;
			remoteGlobalIDString = 59FDBD2F2157D37F00A9AA1F;
			remoteInfo = FocusOn;
		};
		59DC905726168EE6009F8675 /* PBXContainerItemProxy */ = {
			isa = PBXContainerItemProxy;
			containerPortal = 59DC905226168EE6009F8675 /* Charts.xcodeproj */;
			proxyType = 2;
			remoteGlobalIDString = 65AD9E95D9ED4DC0BD73A743;
			remoteInfo = Charts;
		};
		59DC905926168EE6009F8675 /* PBXContainerItemProxy */ = {
			isa = PBXContainerItemProxy;
			containerPortal = 59DC905226168EE6009F8675 /* Charts.xcodeproj */;
			proxyType = 2;
			remoteGlobalIDString = 1CBBC58C6CE1EBEE9852CE41;
			remoteInfo = ChartsTests;
		};
/* End PBXContainerItemProxy section */

/* Begin PBXCopyFilesBuildPhase section */
		59DC906226168EFD009F8675 /* Embed Frameworks */ = {
			isa = PBXCopyFilesBuildPhase;
			buildActionMask = 2147483647;
			dstPath = "";
			dstSubfolderSpec = 10;
			files = (
				59DC906126168EFD009F8675 /* Charts.framework in Embed Frameworks */,
			);
			name = "Embed Frameworks";
			runOnlyForDeploymentPostprocessing = 0;
		};
/* End PBXCopyFilesBuildPhase section */

/* Begin PBXFileReference section */
		59001CA02185E22700CDFAF8 /* DummyData.swift */ = {isa = PBXFileReference; lastKnownFileType = sourcecode.swift; path = DummyData.swift; sourceTree = "<group>"; };
		59051377215BBA6C0090AB1A /* TableViewCellDelegate.swift */ = {isa = PBXFileReference; lastKnownFileType = sourcecode.swift; path = TableViewCellDelegate.swift; sourceTree = "<group>"; };
		591A6E51215F063E00D26793 /* UIView+Extension.swift */ = {isa = PBXFileReference; lastKnownFileType = sourcecode.swift; path = "UIView+Extension.swift"; sourceTree = "<group>"; };
		591A6E53216166E600D26793 /* TableViewCell.swift */ = {isa = PBXFileReference; lastKnownFileType = sourcecode.swift; path = TableViewCell.swift; sourceTree = "<group>"; };
		591A6E592166C97600D26793 /* HistoryTableViewCell.swift */ = {isa = PBXFileReference; lastKnownFileType = sourcecode.swift; path = HistoryTableViewCell.swift; sourceTree = "<group>"; };
		592BEF7C216927670007FA83 /* ScrollDirectionEnum.swift */ = {isa = PBXFileReference; lastKnownFileType = sourcecode.swift; path = ScrollDirectionEnum.swift; sourceTree = "<group>"; };
		5949FF222157F04C0029E984 /* TabBarController.swift */ = {isa = PBXFileReference; lastKnownFileType = sourcecode.swift; path = TabBarController.swift; sourceTree = "<group>"; };
		5949FF252157F97A0029E984 /* Datamodel.xcdatamodel */ = {isa = PBXFileReference; lastKnownFileType = wrapper.xcdatamodel; path = Datamodel.xcdatamodel; sourceTree = "<group>"; };
		5949FF272157F9B20029E984 /* DataController.swift */ = {isa = PBXFileReference; lastKnownFileType = sourcecode.swift; path = DataController.swift; sourceTree = "<group>"; };
		5949FF292157FB610029E984 /* Constant.swift */ = {isa = PBXFileReference; lastKnownFileType = sourcecode.swift; path = Constant.swift; sourceTree = "<group>"; };
		5949FF2B215800750029E984 /* PersistentContainer.swift */ = {isa = PBXFileReference; lastKnownFileType = sourcecode.swift; path = PersistentContainer.swift; sourceTree = "<group>"; };
		5949FF2D215832D60029E984 /* ProgressViewController.swift */ = {isa = PBXFileReference; lastKnownFileType = sourcecode.swift; path = ProgressViewController.swift; sourceTree = "<group>"; };
		5949FF2F215832F20029E984 /* HistoryViewController.swift */ = {isa = PBXFileReference; lastKnownFileType = sourcecode.swift; path = HistoryViewController.swift; sourceTree = "<group>"; };
		5949FF312158441D0029E984 /* ViewController.swift */ = {isa = PBXFileReference; lastKnownFileType = sourcecode.swift; path = ViewController.swift; sourceTree = "<group>"; };
		597ADEA2219D1A68008250A3 /* UIColor+Extension.swift */ = {isa = PBXFileReference; lastKnownFileType = sourcecode.swift; path = "UIColor+Extension.swift"; sourceTree = "<group>"; };
		5995E8B32158532C002762D2 /* GoalTableViewCell.swift */ = {isa = PBXFileReference; lastKnownFileType = sourcecode.swift; path = GoalTableViewCell.swift; sourceTree = "<group>"; };
		5995E8B521585339002762D2 /* TaskTableViewCell.swift */ = {isa = PBXFileReference; lastKnownFileType = sourcecode.swift; path = TaskTableViewCell.swift; sourceTree = "<group>"; };
		59C4114C2159382E00FEB9D2 /* TypeEnum.swift */ = {isa = PBXFileReference; lastKnownFileType = sourcecode.swift; path = TypeEnum.swift; sourceTree = "<group>"; };
		59C715D72178E85100308279 /* Today.swift */ = {isa = PBXFileReference; lastKnownFileType = sourcecode.swift; path = Today.swift; sourceTree = "<group>"; };
		59C715DA2178F42500308279 /* History.swift */ = {isa = PBXFileReference; lastKnownFileType = sourcecode.swift; path = History.swift; sourceTree = "<group>"; };
		59C715ED217AADFE00308279 /* UITableView+Extension.swift */ = {isa = PBXFileReference; lastKnownFileType = sourcecode.swift; path = "UITableView+Extension.swift"; sourceTree = "<group>"; };
		59D09C41217E816B00489673 /* FocusOnTests.xctest */ = {isa = PBXFileReference; explicitFileType = wrapper.cfbundle; includeInIndex = 0; path = FocusOnTests.xctest; sourceTree = BUILT_PRODUCTS_DIR; };
		59D09C43217E816C00489673 /* TodayTests.swift */ = {isa = PBXFileReference; lastKnownFileType = sourcecode.swift; path = TodayTests.swift; sourceTree = "<group>"; };
		59D09C45217E816C00489673 /* Info.plist */ = {isa = PBXFileReference; lastKnownFileType = text.plist.xml; path = Info.plist; sourceTree = "<group>"; };
		59D53B13218DD5120047F768 /* HistoryTests.swift */ = {isa = PBXFileReference; lastKnownFileType = sourcecode.swift; path = HistoryTests.swift; sourceTree = "<group>"; };
		59D53B15218DD53A0047F768 /* ProgressTests.swift */ = {isa = PBXFileReference; lastKnownFileType = sourcecode.swift; path = ProgressTests.swift; sourceTree = "<group>"; };
		59D53B18218DD5660047F768 /* TodayViewControllerTests.swift */ = {isa = PBXFileReference; lastKnownFileType = sourcecode.swift; path = TodayViewControllerTests.swift; sourceTree = "<group>"; };
		59D53B1A218DD57C0047F768 /* ProgressViewControllerTests.swift */ = {isa = PBXFileReference; lastKnownFileType = sourcecode.swift; path = ProgressViewControllerTests.swift; sourceTree = "<group>"; };
		59D53B1D218DEE1C0047F768 /* TableViewCellTests.swift */ = {isa = PBXFileReference; lastKnownFileType = sourcecode.swift; path = TableViewCellTests.swift; sourceTree = "<group>"; };
		59DC905226168EE6009F8675 /* Charts.xcodeproj */ = {isa = PBXFileReference; lastKnownFileType = "wrapper.pb-project"; name = Charts.xcodeproj; path = Charts/Charts.xcodeproj; sourceTree = "<group>"; };
		59E59EF42176553300266999 /* Progress.swift */ = {isa = PBXFileReference; lastKnownFileType = sourcecode.swift; path = Progress.swift; sourceTree = "<group>"; };
		59E9B7E7224433A300A306B5 /* README.md */ = {isa = PBXFileReference; fileEncoding = 4; lastKnownFileType = net.daringfireball.markdown; path = README.md; sourceTree = "<group>"; };
		59E9B7EB2244363200A306B5 /* focuson7.png */ = {isa = PBXFileReference; lastKnownFileType = image.png; path = focuson7.png; sourceTree = "<group>"; };
		59E9B7EC2244363200A306B5 /* focuson5.png */ = {isa = PBXFileReference; lastKnownFileType = image.png; path = focuson5.png; sourceTree = "<group>"; };
		59E9B7ED2244363200A306B5 /* focuson8.png */ = {isa = PBXFileReference; lastKnownFileType = image.png; path = focuson8.png; sourceTree = "<group>"; };
		59E9B7EE2244363200A306B5 /* focuson9.png */ = {isa = PBXFileReference; lastKnownFileType = image.png; path = focuson9.png; sourceTree = "<group>"; };
		59E9B7EF2244363200A306B5 /* focuson6.png */ = {isa = PBXFileReference; lastKnownFileType = image.png; path = focuson6.png; sourceTree = "<group>"; };
		59E9B7F02244363200A306B5 /* focuson4.png */ = {isa = PBXFileReference; lastKnownFileType = image.png; path = focuson4.png; sourceTree = "<group>"; };
		59E9B7F12244363200A306B5 /* focuson3.png */ = {isa = PBXFileReference; lastKnownFileType = image.png; path = focuson3.png; sourceTree = "<group>"; };
		59E9B7F22244363200A306B5 /* notification.png */ = {isa = PBXFileReference; lastKnownFileType = image.png; path = notification.png; sourceTree = "<group>"; };
		59E9B7F32244363200A306B5 /* focuson1.png */ = {isa = PBXFileReference; lastKnownFileType = image.png; path = focuson1.png; sourceTree = "<group>"; };
		59E9B7F42244363200A306B5 /* focuson2.png */ = {isa = PBXFileReference; lastKnownFileType = image.png; path = focuson2.png; sourceTree = "<group>"; };
		59FDBD302157D37F00A9AA1F /* FocusOn.app */ = {isa = PBXFileReference; explicitFileType = wrapper.application; includeInIndex = 0; path = FocusOn.app; sourceTree = BUILT_PRODUCTS_DIR; };
		59FDBD332157D37F00A9AA1F /* AppDelegate.swift */ = {isa = PBXFileReference; lastKnownFileType = sourcecode.swift; path = AppDelegate.swift; sourceTree = "<group>"; };
		59FDBD352157D37F00A9AA1F /* TodayViewController.swift */ = {isa = PBXFileReference; lastKnownFileType = sourcecode.swift; path = TodayViewController.swift; sourceTree = "<group>"; };
		59FDBD382157D37F00A9AA1F /* Base */ = {isa = PBXFileReference; lastKnownFileType = file.storyboard; name = Base; path = Base.lproj/Main.storyboard; sourceTree = "<group>"; };
		59FDBD3A2157D38100A9AA1F /* Assets.xcassets */ = {isa = PBXFileReference; lastKnownFileType = folder.assetcatalog; path = Assets.xcassets; sourceTree = "<group>"; };
		59FDBD3D2157D38100A9AA1F /* Base */ = {isa = PBXFileReference; lastKnownFileType = file.storyboard; name = Base; path = Base.lproj/LaunchScreen.storyboard; sourceTree = "<group>"; };
		59FDBD3F2157D38100A9AA1F /* Info.plist */ = {isa = PBXFileReference; lastKnownFileType = text.plist.xml; path = Info.plist; sourceTree = "<group>"; };
/* End PBXFileReference section */

/* Begin PBXFrameworksBuildPhase section */
		59D09C3E217E816B00489673 /* Frameworks */ = {
			isa = PBXFrameworksBuildPhase;
			buildActionMask = 2147483647;
			files = (
			);
			runOnlyForDeploymentPostprocessing = 0;
		};
		59FDBD2D2157D37F00A9AA1F /* Frameworks */ = {
			isa = PBXFrameworksBuildPhase;
			buildActionMask = 2147483647;
			files = (
				59DC906026168EFD009F8675 /* Charts.framework in Frameworks */,
			);
			runOnlyForDeploymentPostprocessing = 0;
		};
/* End PBXFrameworksBuildPhase section */

/* Begin PBXGroup section */
		59001C9E2185E1EB00CDFAF8 /* DummyData */ = {
			isa = PBXGroup;
			children = (
				59001CA02185E22700CDFAF8 /* DummyData.swift */,
			);
			path = DummyData;
			sourceTree = "<group>";
		};
		5949FF1F2157EF590029E984 /* Controller */ = {
			isa = PBXGroup;
			children = (
				59FDBD332157D37F00A9AA1F /* AppDelegate.swift */,
				5949FF222157F04C0029E984 /* TabBarController.swift */,
				5949FF312158441D0029E984 /* ViewController.swift */,
				59FDBD352157D37F00A9AA1F /* TodayViewController.swift */,
				5949FF2D215832D60029E984 /* ProgressViewController.swift */,
				5949FF2F215832F20029E984 /* HistoryViewController.swift */,
			);
			path = Controller;
			sourceTree = "<group>";
		};
		5949FF202157EF6B0029E984 /* View */ = {
			isa = PBXGroup;
			children = (
				597ADEA2219D1A68008250A3 /* UIColor+Extension.swift */,
				591A6E51215F063E00D26793 /* UIView+Extension.swift */,
				59C715ED217AADFE00308279 /* UITableView+Extension.swift */,
				59FDBD3C2157D38100A9AA1F /* LaunchScreen.storyboard */,
				59051377215BBA6C0090AB1A /* TableViewCellDelegate.swift */,
				591A6E53216166E600D26793 /* TableViewCell.swift */,
				59FDBD372157D37F00A9AA1F /* Main.storyboard */,
				5995E8B32158532C002762D2 /* GoalTableViewCell.swift */,
				5995E8B521585339002762D2 /* TaskTableViewCell.swift */,
				591A6E592166C97600D26793 /* HistoryTableViewCell.swift */,
			);
			path = View;
			sourceTree = "<group>";
		};
		5949FF212157EF720029E984 /* Model */ = {
			isa = PBXGroup;
			children = (
				59C4114C2159382E00FEB9D2 /* TypeEnum.swift */,
				5949FF2B215800750029E984 /* PersistentContainer.swift */,
				5949FF242157F97A0029E984 /* Datamodel.xcdatamodeld */,
				5949FF272157F9B20029E984 /* DataController.swift */,
				59E59EF42176553300266999 /* Progress.swift */,
				59C715D72178E85100308279 /* Today.swift */,
				59C715DA2178F42500308279 /* History.swift */,
			);
			path = Model;
			sourceTree = "<group>";
		};
		59D09C42217E816B00489673 /* FocusOnTests */ = {
			isa = PBXGroup;
			children = (
				59D53B12218DD4F50047F768 /* ModelTests */,
				59D53B1C218DEDD50047F768 /* ViewTests */,
				59D53B17218DD5430047F768 /* ViewControllerTests */,
				59D09C45217E816C00489673 /* Info.plist */,
			);
			path = FocusOnTests;
			sourceTree = "<group>";
		};
		59D53B12218DD4F50047F768 /* ModelTests */ = {
			isa = PBXGroup;
			children = (
				59D09C43217E816C00489673 /* TodayTests.swift */,
				59D53B13218DD5120047F768 /* HistoryTests.swift */,
				59D53B15218DD53A0047F768 /* ProgressTests.swift */,
			);
			path = ModelTests;
			sourceTree = "<group>";
		};
		59D53B17218DD5430047F768 /* ViewControllerTests */ = {
			isa = PBXGroup;
			children = (
				59D53B18218DD5660047F768 /* TodayViewControllerTests.swift */,
				59D53B1A218DD57C0047F768 /* ProgressViewControllerTests.swift */,
			);
			path = ViewControllerTests;
			sourceTree = "<group>";
		};
		59D53B1C218DEDD50047F768 /* ViewTests */ = {
			isa = PBXGroup;
			children = (
				59D53B1D218DEE1C0047F768 /* TableViewCellTests.swift */,
			);
			path = ViewTests;
			sourceTree = "<group>";
		};
		59DC905326168EE6009F8675 /* Products */ = {
			isa = PBXGroup;
			children = (
				59DC905826168EE6009F8675 /* Charts.framework */,
				59DC905A26168EE6009F8675 /* ChartsTests.xctest */,
			);
			name = Products;
			sourceTree = "<group>";
		};
		59DC905F26168EFD009F8675 /* Frameworks */ = {
			isa = PBXGroup;
			children = (
			);
			name = Frameworks;
			sourceTree = "<group>";
		};
		59E9B7EA2244363200A306B5 /* Images */ = {
			isa = PBXGroup;
			children = (
				59E9B7F22244363200A306B5 /* notification.png */,
				59E9B7F32244363200A306B5 /* focuson1.png */,
				59E9B7F42244363200A306B5 /* focuson2.png */,
				59E9B7F12244363200A306B5 /* focuson3.png */,
				59E9B7F02244363200A306B5 /* focuson4.png */,
				59E9B7EC2244363200A306B5 /* focuson5.png */,
				59E9B7EF2244363200A306B5 /* focuson6.png */,
				59E9B7EB2244363200A306B5 /* focuson7.png */,
				59E9B7ED2244363200A306B5 /* focuson8.png */,
				59E9B7EE2244363200A306B5 /* focuson9.png */,
			);
			path = Images;
			sourceTree = "<group>";
		};
		59FDBD272157D37F00A9AA1F = {
			isa = PBXGroup;
			children = (
				59DC905226168EE6009F8675 /* Charts.xcodeproj */,
				59FDBD322157D37F00A9AA1F /* FocusOn */,
				59D09C42217E816B00489673 /* FocusOnTests */,
				59FDBD312157D37F00A9AA1F /* Products */,
				59E9B7E7224433A300A306B5 /* README.md */,
				59E9B7EA2244363200A306B5 /* Images */,
				59DC905F26168EFD009F8675 /* Frameworks */,
			);
			sourceTree = "<group>";
		};
		59FDBD312157D37F00A9AA1F /* Products */ = {
			isa = PBXGroup;
			children = (
				59FDBD302157D37F00A9AA1F /* FocusOn.app */,
				59D09C41217E816B00489673 /* FocusOnTests.xctest */,
			);
			name = Products;
			sourceTree = "<group>";
		};
		59FDBD322157D37F00A9AA1F /* FocusOn */ = {
			isa = PBXGroup;
			children = (
				59001C9E2185E1EB00CDFAF8 /* DummyData */,
				5949FF212157EF720029E984 /* Model */,
				5949FF202157EF6B0029E984 /* View */,
				5949FF1F2157EF590029E984 /* Controller */,
				5949FF292157FB610029E984 /* Constant.swift */,
				592BEF7C216927670007FA83 /* ScrollDirectionEnum.swift */,
				59FDBD3A2157D38100A9AA1F /* Assets.xcassets */,
				59FDBD3F2157D38100A9AA1F /* Info.plist */,
			);
			path = FocusOn;
			sourceTree = "<group>";
		};
/* End PBXGroup section */

/* Begin PBXNativeTarget section */
		59D09C40217E816B00489673 /* FocusOnTests */ = {
			isa = PBXNativeTarget;
			buildConfigurationList = 59D09C4B217E816C00489673 /* Build configuration list for PBXNativeTarget "FocusOnTests" */;
			buildPhases = (
				59D09C3D217E816B00489673 /* Sources */,
				59D09C3E217E816B00489673 /* Frameworks */,
				59D09C3F217E816B00489673 /* Resources */,
			);
			buildRules = (
			);
			dependencies = (
				59D09C47217E816C00489673 /* PBXTargetDependency */,
			);
			name = FocusOnTests;
			productName = FocusOnTests;
			productReference = 59D09C41217E816B00489673 /* FocusOnTests.xctest */;
			productType = "com.apple.product-type.bundle.unit-test";
		};
		59FDBD2F2157D37F00A9AA1F /* FocusOn */ = {
			isa = PBXNativeTarget;
			buildConfigurationList = 59FDBD422157D38100A9AA1F /* Build configuration list for PBXNativeTarget "FocusOn" */;
			buildPhases = (
				59FDBD2C2157D37F00A9AA1F /* Sources */,
				59FDBD2D2157D37F00A9AA1F /* Frameworks */,
				59FDBD2E2157D37F00A9AA1F /* Resources */,
				59DC906226168EFD009F8675 /* Embed Frameworks */,
			);
			buildRules = (
			);
			dependencies = (
			);
			name = FocusOn;
			productName = FocusOn;
			productReference = 59FDBD302157D37F00A9AA1F /* FocusOn.app */;
			productType = "com.apple.product-type.application";
		};
/* End PBXNativeTarget section */

/* Begin PBXProject section */
		59FDBD282157D37F00A9AA1F /* Project object */ = {
			isa = PBXProject;
			attributes = {
				LastSwiftUpdateCheck = 1000;
				LastUpgradeCheck = 1240;
				ORGANIZATIONNAME = "Spencer Forrest";
				TargetAttributes = {
					59D09C40217E816B00489673 = {
						CreatedOnToolsVersion = 10.0;
						LastSwiftMigration = 1240;
						TestTargetID = 59FDBD2F2157D37F00A9AA1F;
					};
					59FDBD2F2157D37F00A9AA1F = {
						CreatedOnToolsVersion = 10.0;
						LastSwiftMigration = 1240;
					};
				};
			};
			buildConfigurationList = 59FDBD2B2157D37F00A9AA1F /* Build configuration list for PBXProject "FocusOn" */;
			compatibilityVersion = "Xcode 9.3";
			developmentRegion = en;
			hasScannedForEncodings = 0;
			knownRegions = (
				en,
				Base,
			);
			mainGroup = 59FDBD272157D37F00A9AA1F;
			productRefGroup = 59FDBD312157D37F00A9AA1F /* Products */;
			projectDirPath = "";
			projectReferences = (
				{
					ProductGroup = 59DC905326168EE6009F8675 /* Products */;
					ProjectRef = 59DC905226168EE6009F8675 /* Charts.xcodeproj */;
				},
			);
			projectRoot = "";
			targets = (
				59FDBD2F2157D37F00A9AA1F /* FocusOn */,
				59D09C40217E816B00489673 /* FocusOnTests */,
			);
		};
/* End PBXProject section */

/* Begin PBXReferenceProxy section */
		59DC905826168EE6009F8675 /* Charts.framework */ = {
			isa = PBXReferenceProxy;
			fileType = wrapper.framework;
			path = Charts.framework;
			remoteRef = 59DC905726168EE6009F8675 /* PBXContainerItemProxy */;
			sourceTree = BUILT_PRODUCTS_DIR;
		};
		59DC905A26168EE6009F8675 /* ChartsTests.xctest */ = {
			isa = PBXReferenceProxy;
			fileType = wrapper.cfbundle;
			path = ChartsTests.xctest;
			remoteRef = 59DC905926168EE6009F8675 /* PBXContainerItemProxy */;
			sourceTree = BUILT_PRODUCTS_DIR;
		};
/* End PBXReferenceProxy section */

/* Begin PBXResourcesBuildPhase section */
		59D09C3F217E816B00489673 /* Resources */ = {
			isa = PBXResourcesBuildPhase;
			buildActionMask = 2147483647;
			files = (
			);
			runOnlyForDeploymentPostprocessing = 0;
		};
		59FDBD2E2157D37F00A9AA1F /* Resources */ = {
			isa = PBXResourcesBuildPhase;
			buildActionMask = 2147483647;
			files = (
				59FDBD3E2157D38100A9AA1F /* LaunchScreen.storyboard in Resources */,
				59E9B7FE2244363300A306B5 /* focuson2.png in Resources */,
				59E9B7F82244363300A306B5 /* focuson9.png in Resources */,
				59E9B7FC2244363300A306B5 /* notification.png in Resources */,
				59E9B7F52244363300A306B5 /* focuson7.png in Resources */,
				59FDBD3B2157D38100A9AA1F /* Assets.xcassets in Resources */,
				59E9B7F72244363300A306B5 /* focuson8.png in Resources */,
				59E9B7E9224433A300A306B5 /* README.md in Resources */,
				59E9B7FA2244363300A306B5 /* focuson4.png in Resources */,
				59FDBD392157D37F00A9AA1F /* Main.storyboard in Resources */,
				59E9B7F62244363300A306B5 /* focuson5.png in Resources */,
				59E9B7FB2244363300A306B5 /* focuson3.png in Resources */,
				59E9B7FD2244363300A306B5 /* focuson1.png in Resources */,
				59E9B7F92244363300A306B5 /* focuson6.png in Resources */,
			);
			runOnlyForDeploymentPostprocessing = 0;
		};
/* End PBXResourcesBuildPhase section */

/* Begin PBXSourcesBuildPhase section */
		59D09C3D217E816B00489673 /* Sources */ = {
			isa = PBXSourcesBuildPhase;
			buildActionMask = 2147483647;
			files = (
				59D53B19218DD5660047F768 /* TodayViewControllerTests.swift in Sources */,
				59D53B16218DD53A0047F768 /* ProgressTests.swift in Sources */,
				59D53B14218DD5120047F768 /* HistoryTests.swift in Sources */,
				59D09C44217E816C00489673 /* TodayTests.swift in Sources */,
				59D53B1B218DD57C0047F768 /* ProgressViewControllerTests.swift in Sources */,
				59D53B1E218DEE1C0047F768 /* TableViewCellTests.swift in Sources */,
			);
			runOnlyForDeploymentPostprocessing = 0;
		};
		59FDBD2C2157D37F00A9AA1F /* Sources */ = {
			isa = PBXSourcesBuildPhase;
			buildActionMask = 2147483647;
			files = (
				591A6E5A2166C97600D26793 /* HistoryTableViewCell.swift in Sources */,
				5949FF282157F9B20029E984 /* DataController.swift in Sources */,
				591A6E54216166E600D26793 /* TableViewCell.swift in Sources */,
				59001CA12185E22700CDFAF8 /* DummyData.swift in Sources */,
				5949FF232157F04C0029E984 /* TabBarController.swift in Sources */,
				59051378215BBA6C0090AB1A /* TableViewCellDelegate.swift in Sources */,
				5949FF322158441D0029E984 /* ViewController.swift in Sources */,
				59C4114D2159382E00FEB9D2 /* TypeEnum.swift in Sources */,
				5949FF262157F97A0029E984 /* Datamodel.xcdatamodeld in Sources */,
				59E59EF52176553300266999 /* Progress.swift in Sources */,
				5949FF2E215832D60029E984 /* ProgressViewController.swift in Sources */,
				591A6E52215F063E00D26793 /* UIView+Extension.swift in Sources */,
				5995E8B42158532C002762D2 /* GoalTableViewCell.swift in Sources */,
				597ADEA3219D1A68008250A3 /* UIColor+Extension.swift in Sources */,
				592BEF7D216927670007FA83 /* ScrollDirectionEnum.swift in Sources */,
				59FDBD362157D37F00A9AA1F /* TodayViewController.swift in Sources */,
				5949FF2C215800750029E984 /* PersistentContainer.swift in Sources */,
				59C715DB2178F42500308279 /* History.swift in Sources */,
				59C715D82178E85100308279 /* Today.swift in Sources */,
				5995E8B621585339002762D2 /* TaskTableViewCell.swift in Sources */,
				5949FF30215832F20029E984 /* HistoryViewController.swift in Sources */,
				59C715EE217AADFE00308279 /* UITableView+Extension.swift in Sources */,
				59FDBD342157D37F00A9AA1F /* AppDelegate.swift in Sources */,
				5949FF2A2157FB610029E984 /* Constant.swift in Sources */,
			);
			runOnlyForDeploymentPostprocessing = 0;
		};
/* End PBXSourcesBuildPhase section */

/* Begin PBXTargetDependency section */
		59D09C47217E816C00489673 /* PBXTargetDependency */ = {
			isa = PBXTargetDependency;
			target = 59FDBD2F2157D37F00A9AA1F /* FocusOn */;
			targetProxy = 59D09C46217E816C00489673 /* PBXContainerItemProxy */;
		};
/* End PBXTargetDependency section */

/* Begin PBXVariantGroup section */
		59FDBD372157D37F00A9AA1F /* Main.storyboard */ = {
			isa = PBXVariantGroup;
			children = (
				59FDBD382157D37F00A9AA1F /* Base */,
			);
			name = Main.storyboard;
			sourceTree = "<group>";
		};
		59FDBD3C2157D38100A9AA1F /* LaunchScreen.storyboard */ = {
			isa = PBXVariantGroup;
			children = (
				59FDBD3D2157D38100A9AA1F /* Base */,
			);
			name = LaunchScreen.storyboard;
			sourceTree = "<group>";
		};
/* End PBXVariantGroup section */

/* Begin XCBuildConfiguration section */
		59D09C48217E816C00489673 /* Debug */ = {
			isa = XCBuildConfiguration;
			buildSettings = {
				BUNDLE_LOADER = "$(TEST_HOST)";
				CODE_SIGN_STYLE = Automatic;
				DEVELOPMENT_TEAM = VKJGV2D92P;
				INFOPLIST_FILE = FocusOnTests/Info.plist;
				LD_RUNPATH_SEARCH_PATHS = (
					"$(inherited)",
					"@executable_path/Frameworks",
					"@loader_path/Frameworks",
				);
				PRODUCT_BUNDLE_IDENTIFIER = com.devmob.FocusOnTests;
				PRODUCT_NAME = "$(TARGET_NAME)";
				SWIFT_VERSION = 5.0;
				TARGETED_DEVICE_FAMILY = "1,2";
				TEST_HOST = "$(BUILT_PRODUCTS_DIR)/FocusOn.app/FocusOn";
			};
			name = Debug;
		};
		59D09C49217E816C00489673 /* Release */ = {
			isa = XCBuildConfiguration;
			buildSettings = {
				BUNDLE_LOADER = "$(TEST_HOST)";
				CODE_SIGN_STYLE = Automatic;
				DEVELOPMENT_TEAM = VKJGV2D92P;
				INFOPLIST_FILE = FocusOnTests/Info.plist;
				LD_RUNPATH_SEARCH_PATHS = (
					"$(inherited)",
					"@executable_path/Frameworks",
					"@loader_path/Frameworks",
				);
				PRODUCT_BUNDLE_IDENTIFIER = com.devmob.FocusOnTests;
				PRODUCT_NAME = "$(TARGET_NAME)";
				SWIFT_VERSION = 5.0;
				TARGETED_DEVICE_FAMILY = "1,2";
				TEST_HOST = "$(BUILT_PRODUCTS_DIR)/FocusOn.app/FocusOn";
			};
			name = Release;
		};
		59FDBD402157D38100A9AA1F /* Debug */ = {
			isa = XCBuildConfiguration;
			buildSettings = {
				ALWAYS_SEARCH_USER_PATHS = NO;
				CLANG_ANALYZER_NONNULL = YES;
				CLANG_ANALYZER_NUMBER_OBJECT_CONVERSION = YES_AGGRESSIVE;
				CLANG_CXX_LANGUAGE_STANDARD = "gnu++14";
				CLANG_CXX_LIBRARY = "libc++";
				CLANG_ENABLE_MODULES = YES;
				CLANG_ENABLE_OBJC_ARC = YES;
				CLANG_ENABLE_OBJC_WEAK = YES;
				CLANG_WARN_BLOCK_CAPTURE_AUTORELEASING = YES;
				CLANG_WARN_BOOL_CONVERSION = YES;
				CLANG_WARN_COMMA = YES;
				CLANG_WARN_CONSTANT_CONVERSION = YES;
				CLANG_WARN_DEPRECATED_OBJC_IMPLEMENTATIONS = YES;
				CLANG_WARN_DIRECT_OBJC_ISA_USAGE = YES_ERROR;
				CLANG_WARN_DOCUMENTATION_COMMENTS = YES;
				CLANG_WARN_EMPTY_BODY = YES;
				CLANG_WARN_ENUM_CONVERSION = YES;
				CLANG_WARN_INFINITE_RECURSION = YES;
				CLANG_WARN_INT_CONVERSION = YES;
				CLANG_WARN_NON_LITERAL_NULL_CONVERSION = YES;
				CLANG_WARN_OBJC_IMPLICIT_RETAIN_SELF = YES;
				CLANG_WARN_OBJC_LITERAL_CONVERSION = YES;
				CLANG_WARN_OBJC_ROOT_CLASS = YES_ERROR;
				CLANG_WARN_QUOTED_INCLUDE_IN_FRAMEWORK_HEADER = YES;
				CLANG_WARN_RANGE_LOOP_ANALYSIS = YES;
				CLANG_WARN_STRICT_PROTOTYPES = YES;
				CLANG_WARN_SUSPICIOUS_MOVE = YES;
				CLANG_WARN_UNGUARDED_AVAILABILITY = YES_AGGRESSIVE;
				CLANG_WARN_UNREACHABLE_CODE = YES;
				CLANG_WARN__DUPLICATE_METHOD_MATCH = YES;
				CODE_SIGN_IDENTITY = "iPhone Developer";
				COPY_PHASE_STRIP = NO;
				DEBUG_INFORMATION_FORMAT = dwarf;
				ENABLE_STRICT_OBJC_MSGSEND = YES;
				ENABLE_TESTABILITY = YES;
				GCC_C_LANGUAGE_STANDARD = gnu11;
				GCC_DYNAMIC_NO_PIC = NO;
				GCC_NO_COMMON_BLOCKS = YES;
				GCC_OPTIMIZATION_LEVEL = 0;
				GCC_PREPROCESSOR_DEFINITIONS = (
					"DEBUG=1",
					"$(inherited)",
				);
				GCC_WARN_64_TO_32_BIT_CONVERSION = YES;
				GCC_WARN_ABOUT_RETURN_TYPE = YES_ERROR;
				GCC_WARN_UNDECLARED_SELECTOR = YES;
				GCC_WARN_UNINITIALIZED_AUTOS = YES_AGGRESSIVE;
				GCC_WARN_UNUSED_FUNCTION = YES;
				GCC_WARN_UNUSED_VARIABLE = YES;
				IPHONEOS_DEPLOYMENT_TARGET = 12.0;
				MTL_ENABLE_DEBUG_INFO = INCLUDE_SOURCE;
				MTL_FAST_MATH = YES;
				ONLY_ACTIVE_ARCH = YES;
				SDKROOT = iphoneos;
				SWIFT_ACTIVE_COMPILATION_CONDITIONS = DEBUG;
				SWIFT_OPTIMIZATION_LEVEL = "-Onone";
			};
			name = Debug;
		};
		59FDBD412157D38100A9AA1F /* Release */ = {
			isa = XCBuildConfiguration;
			buildSettings = {
				ALWAYS_SEARCH_USER_PATHS = NO;
				CLANG_ANALYZER_NONNULL = YES;
				CLANG_ANALYZER_NUMBER_OBJECT_CONVERSION = YES_AGGRESSIVE;
				CLANG_CXX_LANGUAGE_STANDARD = "gnu++14";
				CLANG_CXX_LIBRARY = "libc++";
				CLANG_ENABLE_MODULES = YES;
				CLANG_ENABLE_OBJC_ARC = YES;
				CLANG_ENABLE_OBJC_WEAK = YES;
				CLANG_WARN_BLOCK_CAPTURE_AUTORELEASING = YES;
				CLANG_WARN_BOOL_CONVERSION = YES;
				CLANG_WARN_COMMA = YES;
				CLANG_WARN_CONSTANT_CONVERSION = YES;
				CLANG_WARN_DEPRECATED_OBJC_IMPLEMENTATIONS = YES;
				CLANG_WARN_DIRECT_OBJC_ISA_USAGE = YES_ERROR;
				CLANG_WARN_DOCUMENTATION_COMMENTS = YES;
				CLANG_WARN_EMPTY_BODY = YES;
				CLANG_WARN_ENUM_CONVERSION = YES;
				CLANG_WARN_INFINITE_RECURSION = YES;
				CLANG_WARN_INT_CONVERSION = YES;
				CLANG_WARN_NON_LITERAL_NULL_CONVERSION = YES;
				CLANG_WARN_OBJC_IMPLICIT_RETAIN_SELF = YES;
				CLANG_WARN_OBJC_LITERAL_CONVERSION = YES;
				CLANG_WARN_OBJC_ROOT_CLASS = YES_ERROR;
				CLANG_WARN_QUOTED_INCLUDE_IN_FRAMEWORK_HEADER = YES;
				CLANG_WARN_RANGE_LOOP_ANALYSIS = YES;
				CLANG_WARN_STRICT_PROTOTYPES = YES;
				CLANG_WARN_SUSPICIOUS_MOVE = YES;
				CLANG_WARN_UNGUARDED_AVAILABILITY = YES_AGGRESSIVE;
				CLANG_WARN_UNREACHABLE_CODE = YES;
				CLANG_WARN__DUPLICATE_METHOD_MATCH = YES;
				CODE_SIGN_IDENTITY = "iPhone Developer";
				COPY_PHASE_STRIP = NO;
				DEBUG_INFORMATION_FORMAT = "dwarf-with-dsym";
				ENABLE_NS_ASSERTIONS = NO;
				ENABLE_STRICT_OBJC_MSGSEND = YES;
				GCC_C_LANGUAGE_STANDARD = gnu11;
				GCC_NO_COMMON_BLOCKS = YES;
				GCC_WARN_64_TO_32_BIT_CONVERSION = YES;
				GCC_WARN_ABOUT_RETURN_TYPE = YES_ERROR;
				GCC_WARN_UNDECLARED_SELECTOR = YES;
				GCC_WARN_UNINITIALIZED_AUTOS = YES_AGGRESSIVE;
				GCC_WARN_UNUSED_FUNCTION = YES;
				GCC_WARN_UNUSED_VARIABLE = YES;
				IPHONEOS_DEPLOYMENT_TARGET = 12.0;
				MTL_ENABLE_DEBUG_INFO = NO;
				MTL_FAST_MATH = YES;
				SDKROOT = iphoneos;
				SWIFT_COMPILATION_MODE = wholemodule;
				SWIFT_OPTIMIZATION_LEVEL = "-O";
				VALIDATE_PRODUCT = YES;
			};
			name = Release;
		};
		59FDBD432157D38100A9AA1F /* Debug */ = {
			isa = XCBuildConfiguration;
			buildSettings = {
				ASSETCATALOG_COMPILER_APPICON_NAME = AppIcon;
				CODE_SIGN_IDENTITY = "iPhone Developer";
				CODE_SIGN_STYLE = Automatic;
				DEVELOPMENT_TEAM = VKJGV2D92P;
				INFOPLIST_FILE = FocusOn/Info.plist;
				IPHONEOS_DEPLOYMENT_TARGET = 12.0;
				LD_RUNPATH_SEARCH_PATHS = (
					"$(inherited)",
					"@executable_path/Frameworks",
				);
				PRODUCT_BUNDLE_IDENTIFIER = com.spencer.forrest.ios.focuson;
				PRODUCT_NAME = "$(TARGET_NAME)";
				PROVISIONING_PROFILE_SPECIFIER = "";
				SWIFT_VERSION = 5.0;
				TARGETED_DEVICE_FAMILY = 1;
			};
			name = Debug;
		};
		59FDBD442157D38100A9AA1F /* Release */ = {
			isa = XCBuildConfiguration;
			buildSettings = {
				ASSETCATALOG_COMPILER_APPICON_NAME = AppIcon;
				CODE_SIGN_IDENTITY = "iPhone Developer";
				CODE_SIGN_STYLE = Automatic;
				DEVELOPMENT_TEAM = VKJGV2D92P;
				INFOPLIST_FILE = FocusOn/Info.plist;
				IPHONEOS_DEPLOYMENT_TARGET = 12.0;
				LD_RUNPATH_SEARCH_PATHS = (
					"$(inherited)",
					"@executable_path/Frameworks",
				);
				PRODUCT_BUNDLE_IDENTIFIER = com.spencer.forrest.ios.focuson;
				PRODUCT_NAME = "$(TARGET_NAME)";
				PROVISIONING_PROFILE_SPECIFIER = "";
				SWIFT_VERSION = 5.0;
				TARGETED_DEVICE_FAMILY = 1;
			};
			name = Release;
		};
/* End XCBuildConfiguration section */

/* Begin XCConfigurationList section */
		59D09C4B217E816C00489673 /* Build configuration list for PBXNativeTarget "FocusOnTests" */ = {
			isa = XCConfigurationList;
			buildConfigurations = (
				59D09C48217E816C00489673 /* Debug */,
				59D09C49217E816C00489673 /* Release */,
			);
			defaultConfigurationIsVisible = 0;
			defaultConfigurationName = Release;
		};
		59FDBD2B2157D37F00A9AA1F /* Build configuration list for PBXProject "FocusOn" */ = {
			isa = XCConfigurationList;
			buildConfigurations = (
				59FDBD402157D38100A9AA1F /* Debug */,
				59FDBD412157D38100A9AA1F /* Release */,
			);
			defaultConfigurationIsVisible = 0;
			defaultConfigurationName = Release;
		};
		59FDBD422157D38100A9AA1F /* Build configuration list for PBXNativeTarget "FocusOn" */ = {
			isa = XCConfigurationList;
			buildConfigurations = (
				59FDBD432157D38100A9AA1F /* Debug */,
				59FDBD442157D38100A9AA1F /* Release */,
			);
			defaultConfigurationIsVisible = 0;
			defaultConfigurationName = Release;
		};
/* End XCConfigurationList section */

/* Begin XCVersionGroup section */
		5949FF242157F97A0029E984 /* Datamodel.xcdatamodeld */ = {
			isa = XCVersionGroup;
			children = (
				5949FF252157F97A0029E984 /* Datamodel.xcdatamodel */,
			);
			currentVersion = 5949FF252157F97A0029E984 /* Datamodel.xcdatamodel */;
			path = Datamodel.xcdatamodeld;
			sourceTree = "<group>";
			versionGroupType = wrapper.xcdatamodel;
		};
/* End XCVersionGroup section */
	};
	rootObject = 59FDBD282157D37F00A9AA1F /* Project object */;
}
